
Microsoft Visual Studio Solution File, Format Version 12.00
# Visual Studio 15
VisualStudioVersion = 15.0.27130.2036
MinimumVisualStudioVersion = 10.0.40219.1
Project("{FAE04EC0-301F-11D3-BF4B-00C04F79EFBC}") = "Count Symbol", "Count Symbol\Count Symbol.csproj", "{A79D271A-E0E4-45DB-AD51-C910BAD20827}"
EndProject
Global
	GlobalSection(SolutionConfigurationPlatforms) = preSolution
		Debug|Any CPU = Debug|Any CPU
		Release|Any CPU = Release|Any CPU
	EndGlobalSection
	GlobalSection(ProjectConfigurationPlatforms) = postSolution
		{A79D271A-E0E4-45DB-AD51-C910BAD20827}.Debug|Any CPU.ActiveCfg = Debug|Any CPU
		{A79D271A-E0E4-45DB-AD51-C910BAD20827}.Debug|Any CPU.Build.0 = Debug|Any CPU
		{A79D271A-E0E4-45DB-AD51-C910BAD20827}.Release|Any CPU.ActiveCfg = Release|Any CPU
		{A79D271A-E0E4-45DB-AD51-C910BAD20827}.Release|Any CPU.Build.0 = Release|Any CPU
	EndGlobalSection
	GlobalSection(SolutionProperties) = preSolution
		HideSolutionNode = FALSE
	EndGlobalSection
	GlobalSection(ExtensibilityGlobals) = postSolution
		SolutionGuid = {A4268009-F8A6-4F0E-BC5C-8BDA721FB8F7}
	EndGlobalSection
EndGlobal
